<?xml version="1.0" encoding="utf-8"?>
<Project ToolsVersion="4.0" xmlns="http://schemas.microsoft.com/developer/msbuild/2003">
  <ItemGroup>
    <Filter Include="3DTestScene">
      <UniqueIdentifier>{EA2C94A7-56E2-0C9D-DFD6-06744B8B03A1}</UniqueIdentifier>
    </Filter>
    <Filter Include="Pong">
      <UniqueIdentifier>{99D48A7C-850B-8C0D-2EF8-71101A0E080F}</UniqueIdentifier>
    </Filter>
    <Filter Include="TrumpJump">
      <UniqueIdentifier>{99C8F794-0533-AC0B-4E71-5DB1BA1A8A60}</UniqueIdentifier>
    </Filter>
    <Filter Include="TrumpJump\States">
      <UniqueIdentifier>{3C9CB606-2895-D558-51C7-BADD3D1FB564}</UniqueIdentifier>
    </Filter>
  </ItemGroup>
  <ItemGroup>
    <ClInclude Include="src\3DTestScene\SceneLayer.h">
      <Filter>3DTestScene</Filter>
    </ClInclude>
    <ClInclude Include="src\Pong\GameLayer.h">
      <Filter>Pong</Filter>
    </ClInclude>
    <ClInclude Include="src\Pong\Level.h">
      <Filter>Pong</Filter>
    </ClInclude>
    <ClInclude Include="src\TrumpJump\GameLayer.h">
      <Filter>TrumpJump</Filter>
    </ClInclude>
  </ItemGroup>
  <ItemGroup>
    <ClCompile Include="src\3DTestScene\SceneLayer.cpp">
      <Filter>3DTestScene</Filter>
    </ClCompile>
    <ClCompile Include="src\Pong\GameLayer.cpp">
      <Filter>Pong</Filter>
    </ClCompile>
    <ClCompile Include="src\Pong\Level.cpp">
      <Filter>Pong</Filter>
    </ClCompile>
    <ClCompile Include="src\SandboxApp.cpp" />
    <ClCompile Include="src\TrumpJump\GameLayer.cpp">
      <Filter>TrumpJump</Filter>
    </ClCompile>
    <ClCompile Include="src\TrumpJump\States\GameOverState.cpp">
      <Filter>TrumpJump\States</Filter>
    </ClCompile>
    <ClCompile Include="src\TrumpJump\States\GamePlayState.cpp">
      <Filter>TrumpJump\States</Filter>
    </ClCompile>
    <ClCompile Include="src\TrumpJump\States\GameStartState.cpp">
      <Filter>TrumpJump\States</Filter>
    </ClCompile>
  </ItemGroup>
</Project>