<?xml version="1.0" encoding="utf-8"?>
<Project ToolsVersion="4.0" xmlns="http://schemas.microsoft.com/developer/msbuild/2003">
  <ItemGroup>
    <Filter Include="Hana">
      <UniqueIdentifier>{FD35867C-E96C-870D-9259-6D107E6F030F}</UniqueIdentifier>
    </Filter>
    <Filter Include="Renderer">
      <UniqueIdentifier>{7CCE658F-689B-C09A-91B4-AE427DE0F528}</UniqueIdentifier>
    </Filter>
    <Filter Include="Renderer\Header Files">
      <UniqueIdentifier>{475D51D7-B3C9-0CD2-7CBD-A42FE8E82E3A}</UniqueIdentifier>
    </Filter>
    <Filter Include="Renderer\Header Files\glm">
      <UniqueIdentifier>{1633D8AF-82F5-0B3A-CBA5-9AC637A7E417}</UniqueIdentifier>
    </Filter>
    <Filter Include="Renderer\Header Files\glm\detail">
      <UniqueIdentifier>{181683EA-0467-6E2C-2DCB-5CEE197B0196}</UniqueIdentifier>
    </Filter>
    <Filter Include="Renderer\Header Files\glm\simd">
      <UniqueIdentifier>{32EDD484-1E13-9FEB-0759-24B7F31DC4B7}</UniqueIdentifier>
    </Filter>
  </ItemGroup>
  <ItemGroup>
    <ClInclude Include="src\Hana.h" />
    <ClInclude Include="src\Hana\Application.h">
      <Filter>Hana</Filter>
    </ClInclude>
    <ClInclude Include="src\Hana\Core.h">
      <Filter>Hana</Filter>
    </ClInclude>
    <ClInclude Include="src\Hana\EntryPoint.h">
      <Filter>Hana</Filter>
    </ClInclude>
    <ClInclude Include="src\Hana\Log.h">
      <Filter>Hana</Filter>
    </ClInclude>
    <ClInclude Include="src\Renderer\Header Files\EBO.h">
      <Filter>Renderer\Header Files</Filter>
    </ClInclude>
    <ClInclude Include="src\Renderer\Header Files\Texture.h">
      <Filter>Renderer\Header Files</Filter>
    </ClInclude>
    <ClInclude Include="src\Renderer\Header Files\VAO.h">
      <Filter>Renderer\Header Files</Filter>
    </ClInclude>
    <ClInclude Include="src\Renderer\Header Files\VBO.h">
      <Filter>Renderer\Header Files</Filter>
    </ClInclude>
    <ClInclude Include="src\Renderer\Header Files\glm\simd\common.h">
      <Filter>Renderer\Header Files\glm\simd</Filter>
    </ClInclude>
    <ClInclude Include="src\Renderer\Header Files\glm\simd\exponential.h">
      <Filter>Renderer\Header Files\glm\simd</Filter>
    </ClInclude>
    <ClInclude Include="src\Renderer\Header Files\glm\simd\geometric.h">
      <Filter>Renderer\Header Files\glm\simd</Filter>
    </ClInclude>
    <ClInclude Include="src\Renderer\Header Files\glm\simd\integer.h">
      <Filter>Renderer\Header Files\glm\simd</Filter>
    </ClInclude>
    <ClInclude Include="src\Renderer\Header Files\glm\simd\matrix.h">
      <Filter>Renderer\Header Files\glm\simd</Filter>
    </ClInclude>
    <ClInclude Include="src\Renderer\Header Files\glm\simd\neon.h">
      <Filter>Renderer\Header Files\glm\simd</Filter>
    </ClInclude>
    <ClInclude Include="src\Renderer\Header Files\glm\simd\packing.h">
      <Filter>Renderer\Header Files\glm\simd</Filter>
    </ClInclude>
    <ClInclude Include="src\Renderer\Header Files\glm\simd\platform.h">
      <Filter>Renderer\Header Files\glm\simd</Filter>
    </ClInclude>
    <ClInclude Include="src\Renderer\Header Files\glm\simd\trigonometric.h">
      <Filter>Renderer\Header Files\glm\simd</Filter>
    </ClInclude>
    <ClInclude Include="src\Renderer\Header Files\glm\simd\vector_relational.h">
      <Filter>Renderer\Header Files\glm\simd</Filter>
    </ClInclude>
    <ClInclude Include="src\Renderer\Header Files\shaderClass.h">
      <Filter>Renderer\Header Files</Filter>
    </ClInclude>
  </ItemGroup>
  <ItemGroup>
    <ClCompile Include="src\Hana\Application.cpp">
      <Filter>Hana</Filter>
    </ClCompile>
    <ClCompile Include="src\Hana\Log.cpp">
      <Filter>Hana</Filter>
    </ClCompile>
    <ClCompile Include="src\Renderer\EBO.cpp">
      <Filter>Renderer</Filter>
    </ClCompile>
    <ClCompile Include="src\Renderer\Header Files\glm\detail\glm.cpp">
      <Filter>Renderer\Header Files\glm\detail</Filter>
    </ClCompile>
    <ClCompile Include="src\Renderer\Texture.cpp">
      <Filter>Renderer</Filter>
    </ClCompile>
    <ClCompile Include="src\Renderer\VAO.cpp">
      <Filter>Renderer</Filter>
    </ClCompile>
    <ClCompile Include="src\Renderer\VBO.cpp">
      <Filter>Renderer</Filter>
    </ClCompile>
    <ClCompile Include="src\Renderer\glad.c">
      <Filter>Renderer</Filter>
    </ClCompile>
    <ClCompile Include="src\Renderer\shaderClass.cpp">
      <Filter>Renderer</Filter>
    </ClCompile>
    <ClCompile Include="src\Renderer\stb.cpp">
      <Filter>Renderer</Filter>
    </ClCompile>
    <ClCompile Include="src\main.cpp" />
  </ItemGroup>
</Project>