<?xml version="1.0" encoding="utf-8"?>
<Project ToolsVersion="4.0" xmlns="http://schemas.microsoft.com/developer/msbuild/2003">
  <ItemGroup>
    <Filter Include="Aesir">
      <UniqueIdentifier>{FD35867C-E96C-870D-9259-6D107E6F030F}</UniqueIdentifier>
    </Filter>
    <Filter Include="Aesir\Events">
      <UniqueIdentifier>{41A35D53-AD58-D648-364D-D01FA201CD4C}</UniqueIdentifier>
    </Filter>
    <Filter Include="Renderer">
      <UniqueIdentifier>{7CCE658F-689B-C09A-91B4-AE427DE0F528}</UniqueIdentifier>
    </Filter>
    <Filter Include="Renderer\Header Files">
      <UniqueIdentifier>{475D51D7-B3C9-0CD2-7CBD-A42FE8E82E3A}</UniqueIdentifier>
    </Filter>
    <Filter Include="Renderer\Header Files\glm">
      <UniqueIdentifier>{1633D8AF-82F5-0B3A-CBA5-9AC637A7E417}</UniqueIdentifier>
    </Filter>
    <Filter Include="Renderer\Header Files\glm\detail">
      <UniqueIdentifier>{181683EA-0467-6E2C-2DCB-5CEE197B0196}</UniqueIdentifier>
    </Filter>
    <Filter Include="Renderer\Header Files\glm\simd">
      <UniqueIdentifier>{32EDD484-1E13-9FEB-0759-24B7F31DC4B7}</UniqueIdentifier>
    </Filter>
  </ItemGroup>
  <ItemGroup>
    <ClInclude Include="src\Aesir.h" />
    <ClInclude Include="src\Aesir\Application.h">
      <Filter>Aesir</Filter>
    </ClInclude>
    <ClInclude Include="src\Aesir\Core.h">
      <Filter>Aesir</Filter>
    </ClInclude>
    <ClInclude Include="src\Aesir\EntryPoint.h">
      <Filter>Aesir</Filter>
    </ClInclude>
    <ClInclude Include="src\Aesir\Events\ApplicationEvent.h">
      <Filter>Aesir\Events</Filter>
    </ClInclude>
    <ClInclude Include="src\Aesir\Events\Event.h">
      <Filter>Aesir\Events</Filter>
    </ClInclude>
    <ClInclude Include="src\Aesir\Events\KeyEvent.h">
      <Filter>Aesir\Events</Filter>
    </ClInclude>
    <ClInclude Include="src\Aesir\Events\MouseEvent.h">
      <Filter>Aesir\Events</Filter>
    </ClInclude>
    <ClInclude Include="src\Aesir\Log.h">
      <Filter>Aesir</Filter>
    </ClInclude>
    <ClInclude Include="src\Renderer\EBO.h">
      <Filter>Renderer\Header Files</Filter>
    </ClInclude>
    <ClInclude Include="src\Renderer\VAO.h">
      <Filter>Renderer\Header Files</Filter>
    </ClInclude>
    <ClInclude Include="src\Renderer\VBO.h">
      <Filter>Renderer\Header Files</Filter>
    </ClInclude>
    <ClInclude Include="vendor\include\glm\simd\common.h">
      <Filter>Renderer\Header Files\glm\simd</Filter>
    </ClInclude>
    <ClInclude Include="vendor\include\glm\simd\exponential.h">
      <Filter>Renderer\Header Files\glm\simd</Filter>
    </ClInclude>
    <ClInclude Include="vendor\include\glm\simd\geometric.h">
      <Filter>Renderer\Header Files\glm\simd</Filter>
    </ClInclude>
    <ClInclude Include="vendor\include\glm\simd\integer.h">
      <Filter>Renderer\Header Files\glm\simd</Filter>
    </ClInclude>
    <ClInclude Include="vendor\include\glm\simd\matrix.h">
      <Filter>Renderer\Header Files\glm\simd</Filter>
    </ClInclude>
    <ClInclude Include="vendor\include\glm\simd\neon.h">
      <Filter>Renderer\Header Files\glm\simd</Filter>
    </ClInclude>
    <ClInclude Include="vendor\include\glm\simd\packing.h">
      <Filter>Renderer\Header Files\glm\simd</Filter>
    </ClInclude>
    <ClInclude Include="vendor\include\glm\simd\platform.h">
      <Filter>Renderer\Header Files\glm\simd</Filter>
    </ClInclude>
    <ClInclude Include="vendor\include\glm\simd\trigonometric.h">
      <Filter>Renderer\Header Files\glm\simd</Filter>
    </ClInclude>
    <ClInclude Include="vendor\include\glm\simd\vector_relational.h">
      <Filter>Renderer\Header Files\glm\simd</Filter>
    </ClInclude>
    <ClInclude Include="src\Renderer\shaderClass.h">
      <Filter>Renderer\Header Files</Filter>
    </ClInclude>
    <ClInclude Include="src\Renderer\Renderer.h">
      <Filter>Renderer</Filter>
    </ClInclude>
    <ClInclude Include="src\Aesir\Window.h" />
    <ClInclude Include="src\Renderer\AesirCube.h" />
    <ClInclude Include="src\Aesir\Layers\Layer.h" />
    <ClInclude Include="src\Aesir\Layers\LayerStack.h" />
    <ClInclude Include="src\Renderer\Renderable.h" />
    <ClInclude Include="src\Aesir\Time.h" />
    <ClInclude Include="src\Aesir\Input.h" />
    <ClInclude Include="src\Aesir\KeyCodes.h" />
    <ClInclude Include="src\Aesir\MouseButtonCodes.h" />
    <ClInclude Include="src\Aesir\Layers\ImguiLayer.h" />
    <ClInclude Include="vendor\imgui\imgui.h" />
    <ClInclude Include="vendor\imgui\imgui_internal.h" />
    <ClInclude Include="vendor\imgui\imstb_rectpack.h" />
    <ClInclude Include="vendor\imgui\imstb_textedit.h" />
    <ClInclude Include="vendor\imgui\imstb_truetype.h" />
    <ClInclude Include="vendor\imgui\imconfig.h" />
    <ClInclude Include="vendor\imgui\backends\imgui_impl_glfw.h" />
    <ClInclude Include="vendor\imgui\backends\imgui_impl_opengl3.h" />
    <ClInclude Include="src\Audio\Audio.h" />
    <ClInclude Include="src\Aesir\StateMachine.h" />
    <ClInclude Include="src\Renderer\OrthographicCamera.h" />
    <ClInclude Include="src\Renderer\ResourceManager.h" />
    <ClInclude Include="src\Renderer\Texture2D.h" />
  </ItemGroup>
  <ItemGroup>
    <ClCompile Include="src\Aesir\Application.cpp">
      <Filter>Aesir</Filter>
    </ClCompile>
    <ClCompile Include="src\Aesir\Log.cpp">
      <Filter>Aesir</Filter>
    </ClCompile>
    <ClCompile Include="src\Renderer\EBO.cpp">
      <Filter>Renderer</Filter>
    </ClCompile>
    <ClCompile Include="vendor\include\glm\detail\glm.cpp">
      <Filter>Renderer\Header Files\glm\detail</Filter>
    </ClCompile>
    <ClCompile Include="src\Renderer\Renderer.cpp">
      <Filter>Renderer</Filter>
    </ClCompile>
    <ClCompile Include="src\Renderer\VAO.cpp">
      <Filter>Renderer</Filter>
    </ClCompile>
    <ClCompile Include="src\Renderer\VBO.cpp">
      <Filter>Renderer</Filter>
    </ClCompile>
    <ClCompile Include="src\Renderer\glad.c">
      <Filter>Renderer</Filter>
    </ClCompile>
    <ClCompile Include="src\Renderer\shaderClass.cpp">
      <Filter>Renderer</Filter>
    </ClCompile>
    <ClCompile Include="src\Renderer\stb.cpp">
      <Filter>Renderer</Filter>
    </ClCompile>
    <ClCompile Include="src\Aesir\Window.cpp" />
    <ClCompile Include="src\Aesir\Layers\Layer.cpp" />
    <ClCompile Include="src\Aesir\Layers\LayerStack.cpp" />
    <ClCompile Include="src\Renderer\Renderable.cpp" />
    <ClCompile Include="src\Aesir\Input.cpp" />
    <ClCompile Include="src\Aesir\Layers\ImguiLayer.cpp" />
    <ClCompile Include="vendor\imgui\imgui_demo.cpp" />
    <ClCompile Include="vendor\imgui\imgui_draw.cpp" />
    <ClCompile Include="vendor\imgui\imgui_tables.cpp" />
    <ClCompile Include="vendor\imgui\imgui_widgets.cpp" />
    <ClCompile Include="vendor\imgui\imgui.cpp" />
    <ClCompile Include="vendor\imgui\backends\imgui_impl_glfw.cpp" />
    <ClCompile Include="vendor\imgui\backends\imgui_impl_opengl3.cpp" />
    <ClCompile Include="src\Audio\Audio.cpp" />
    <ClCompile Include="src\Aesir\StateMachine.cpp" />
    <ClCompile Include="src\Renderer\OrthographicCamera.cpp" />
    <ClCompile Include="src\Renderer\ResourceManager.cpp" />
    <ClCompile Include="src\Renderer\Texture2D.cpp" />
  </ItemGroup>
  <ItemGroup>
    <Image Include="src\Renderer\res\textures\Logo.png" />
  </ItemGroup>
  <ItemGroup>
    <None Include="src\Renderer\res\shaders\default.frag" />
    <None Include="src\Renderer\res\shaders\default.vert" />
    <None Include="src\Renderer\res\shaders\texture.frag" />
    <None Include="src\Renderer\res\shaders\texture.vert" />
    <None Include="src\Renderer\res\shaders\background.frag" />
    <None Include="src\Renderer\res\shaders\background.vert" />
  </ItemGroup>
</Project>